
Microsoft Visual Studio Solution File, Format Version 12.00
# Visual Studio Version 16
VisualStudioVersion = 16.0.31613.86
MinimumVisualStudioVersion = 10.0.40219.1
Project("{FAE04EC0-301F-11D3-BF4B-00C04F79EFBC}") = "ExProposto3.3", "ExProposto3.3\ExProposto3.3.csproj", "{9426E8EE-279D-40B6-8C28-3908EF975747}"
EndProject
Global
	GlobalSection(SolutionConfigurationPlatforms) = preSolution
		Debug|Any CPU = Debug|Any CPU
		Release|Any CPU = Release|Any CPU
	EndGlobalSection
	GlobalSection(ProjectConfigurationPlatforms) = postSolution
		{9426E8EE-279D-40B6-8C28-3908EF975747}.Debug|Any CPU.ActiveCfg = Debug|Any CPU
		{9426E8EE-279D-40B6-8C28-3908EF975747}.Debug|Any CPU.Build.0 = Debug|Any CPU
		{9426E8EE-279D-40B6-8C28-3908EF975747}.Release|Any CPU.ActiveCfg = Release|Any CPU
		{9426E8EE-279D-40B6-8C28-3908EF975747}.Release|Any CPU.Build.0 = Release|Any CPU
	EndGlobalSection
	GlobalSection(SolutionProperties) = preSolution
		HideSolutionNode = FALSE
	EndGlobalSection
	GlobalSection(ExtensibilityGlobals) = postSolution
		SolutionGuid = {AB1DF024-0003-40A4-9F89-D6B4037CAD45}
	EndGlobalSection
EndGlobal
