
Microsoft Visual Studio Solution File, Format Version 12.00
# Visual Studio Version 16
VisualStudioVersion = 16.0.31613.86
MinimumVisualStudioVersion = 10.0.40219.1
Project("{FAE04EC0-301F-11D3-BF4B-00C04F79EFBC}") = "ExProposto", "ExProposto\ExProposto.csproj", "{3E07A2E6-5AFE-4EC3-8BA1-8CA56CE3859B}"
EndProject
Global
	GlobalSection(SolutionConfigurationPlatforms) = preSolution
		Debug|Any CPU = Debug|Any CPU
		Release|Any CPU = Release|Any CPU
	EndGlobalSection
	GlobalSection(ProjectConfigurationPlatforms) = postSolution
		{3E07A2E6-5AFE-4EC3-8BA1-8CA56CE3859B}.Debug|Any CPU.ActiveCfg = Debug|Any CPU
		{3E07A2E6-5AFE-4EC3-8BA1-8CA56CE3859B}.Debug|Any CPU.Build.0 = Debug|Any CPU
		{3E07A2E6-5AFE-4EC3-8BA1-8CA56CE3859B}.Release|Any CPU.ActiveCfg = Release|Any CPU
		{3E07A2E6-5AFE-4EC3-8BA1-8CA56CE3859B}.Release|Any CPU.Build.0 = Release|Any CPU
	EndGlobalSection
	GlobalSection(SolutionProperties) = preSolution
		HideSolutionNode = FALSE
	EndGlobalSection
	GlobalSection(ExtensibilityGlobals) = postSolution
		SolutionGuid = {CB9194F8-9D4C-486D-9E4B-7C875CF09997}
	EndGlobalSection
EndGlobal
