
Microsoft Visual Studio Solution File, Format Version 12.00
# Visual Studio Version 16
VisualStudioVersion = 16.0.31613.86
MinimumVisualStudioVersion = 10.0.40219.1
Project("{FAE04EC0-301F-11D3-BF4B-00C04F79EFBC}") = "ExProposto3.1", "ExProposto3.1\ExProposto3.1.csproj", "{E850F5F3-ADF0-4A51-BE31-22B22D907A0C}"
EndProject
Global
	GlobalSection(SolutionConfigurationPlatforms) = preSolution
		Debug|Any CPU = Debug|Any CPU
		Release|Any CPU = Release|Any CPU
	EndGlobalSection
	GlobalSection(ProjectConfigurationPlatforms) = postSolution
		{E850F5F3-ADF0-4A51-BE31-22B22D907A0C}.Debug|Any CPU.ActiveCfg = Debug|Any CPU
		{E850F5F3-ADF0-4A51-BE31-22B22D907A0C}.Debug|Any CPU.Build.0 = Debug|Any CPU
		{E850F5F3-ADF0-4A51-BE31-22B22D907A0C}.Release|Any CPU.ActiveCfg = Release|Any CPU
		{E850F5F3-ADF0-4A51-BE31-22B22D907A0C}.Release|Any CPU.Build.0 = Release|Any CPU
	EndGlobalSection
	GlobalSection(SolutionProperties) = preSolution
		HideSolutionNode = FALSE
	EndGlobalSection
	GlobalSection(ExtensibilityGlobals) = postSolution
		SolutionGuid = {61C348B3-39EC-499B-9D1E-1267540B642F}
	EndGlobalSection
EndGlobal
