
Microsoft Visual Studio Solution File, Format Version 12.00
# Visual Studio Version 16
VisualStudioVersion = 16.0.31613.86
MinimumVisualStudioVersion = 10.0.40219.1
Project("{FAE04EC0-301F-11D3-BF4B-00C04F79EFBC}") = "Matriz", "Matriz\Matriz.csproj", "{C24DCBCF-C858-4D4F-B578-F2B0F0BA918F}"
EndProject
Global
	GlobalSection(SolutionConfigurationPlatforms) = preSolution
		Debug|Any CPU = Debug|Any CPU
		Release|Any CPU = Release|Any CPU
	EndGlobalSection
	GlobalSection(ProjectConfigurationPlatforms) = postSolution
		{C24DCBCF-C858-4D4F-B578-F2B0F0BA918F}.Debug|Any CPU.ActiveCfg = Debug|Any CPU
		{C24DCBCF-C858-4D4F-B578-F2B0F0BA918F}.Debug|Any CPU.Build.0 = Debug|Any CPU
		{C24DCBCF-C858-4D4F-B578-F2B0F0BA918F}.Release|Any CPU.ActiveCfg = Release|Any CPU
		{C24DCBCF-C858-4D4F-B578-F2B0F0BA918F}.Release|Any CPU.Build.0 = Release|Any CPU
	EndGlobalSection
	GlobalSection(SolutionProperties) = preSolution
		HideSolutionNode = FALSE
	EndGlobalSection
	GlobalSection(ExtensibilityGlobals) = postSolution
		SolutionGuid = {E2988AE4-7CA8-4F79-8E09-7EF22A5D40E8}
	EndGlobalSection
EndGlobal
