
Microsoft Visual Studio Solution File, Format Version 12.00
# Visual Studio Version 16
VisualStudioVersion = 16.0.31613.86
MinimumVisualStudioVersion = 10.0.40219.1
Project("{FAE04EC0-301F-11D3-BF4B-00C04F79EFBC}") = "ExProposto3", "ExProposto3\ExProposto3.csproj", "{90C391E5-5B66-46E1-9C4D-111F5BD5CF1B}"
EndProject
Global
	GlobalSection(SolutionConfigurationPlatforms) = preSolution
		Debug|Any CPU = Debug|Any CPU
		Release|Any CPU = Release|Any CPU
	EndGlobalSection
	GlobalSection(ProjectConfigurationPlatforms) = postSolution
		{90C391E5-5B66-46E1-9C4D-111F5BD5CF1B}.Debug|Any CPU.ActiveCfg = Debug|Any CPU
		{90C391E5-5B66-46E1-9C4D-111F5BD5CF1B}.Debug|Any CPU.Build.0 = Debug|Any CPU
		{90C391E5-5B66-46E1-9C4D-111F5BD5CF1B}.Release|Any CPU.ActiveCfg = Release|Any CPU
		{90C391E5-5B66-46E1-9C4D-111F5BD5CF1B}.Release|Any CPU.Build.0 = Release|Any CPU
	EndGlobalSection
	GlobalSection(SolutionProperties) = preSolution
		HideSolutionNode = FALSE
	EndGlobalSection
	GlobalSection(ExtensibilityGlobals) = postSolution
		SolutionGuid = {C041CE67-E22A-4EB7-9CD7-E430C810C683}
	EndGlobalSection
EndGlobal
