
Microsoft Visual Studio Solution File, Format Version 12.00
# Visual Studio Version 17
VisualStudioVersion = 17.0.32126.317
MinimumVisualStudioVersion = 10.0.40219.1
Project("{FAE04EC0-301F-11D3-BF4B-00C04F79EFBC}") = "Diamante", "Diamante\Diamante.csproj", "{81D9F75B-F15F-4315-92D3-A6B475D0BB22}"
EndProject
Global
	GlobalSection(SolutionConfigurationPlatforms) = preSolution
		Debug|Any CPU = Debug|Any CPU
		Release|Any CPU = Release|Any CPU
	EndGlobalSection
	GlobalSection(ProjectConfigurationPlatforms) = postSolution
		{81D9F75B-F15F-4315-92D3-A6B475D0BB22}.Debug|Any CPU.ActiveCfg = Debug|Any CPU
		{81D9F75B-F15F-4315-92D3-A6B475D0BB22}.Debug|Any CPU.Build.0 = Debug|Any CPU
		{81D9F75B-F15F-4315-92D3-A6B475D0BB22}.Release|Any CPU.ActiveCfg = Release|Any CPU
		{81D9F75B-F15F-4315-92D3-A6B475D0BB22}.Release|Any CPU.Build.0 = Release|Any CPU
	EndGlobalSection
	GlobalSection(SolutionProperties) = preSolution
		HideSolutionNode = FALSE
	EndGlobalSection
	GlobalSection(ExtensibilityGlobals) = postSolution
		SolutionGuid = {11C833F8-47F2-42B0-AB68-0D415BA5AF85}
	EndGlobalSection
EndGlobal
